
Microsoft Visual Studio Solution File, Format Version 12.00
# Visual Studio Version 17
VisualStudioVersion = 17.2.32616.157
MinimumVisualStudioVersion = 10.0.40219.1
Project("{FAE04EC0-301F-11D3-BF4B-00C04F79EFBC}") = "UltraTrunfoBackEnd", "UltraTrunfoBackEnd\UltraTrunfoBackEnd.csproj", "{81BFBC4F-BA55-4EEE-8C8D-C4721C6F3810}"
EndProject
Global
	GlobalSection(SolutionConfigurationPlatforms) = preSolution
		Debug|Any CPU = Debug|Any CPU
		Release|Any CPU = Release|Any CPU
	EndGlobalSection
	GlobalSection(ProjectConfigurationPlatforms) = postSolution
		{81BFBC4F-BA55-4EEE-8C8D-C4721C6F3810}.Debug|Any CPU.ActiveCfg = Debug|Any CPU
		{81BFBC4F-BA55-4EEE-8C8D-C4721C6F3810}.Debug|Any CPU.Build.0 = Debug|Any CPU
		{81BFBC4F-BA55-4EEE-8C8D-C4721C6F3810}.Release|Any CPU.ActiveCfg = Release|Any CPU
		{81BFBC4F-BA55-4EEE-8C8D-C4721C6F3810}.Release|Any CPU.Build.0 = Release|Any CPU
	EndGlobalSection
	GlobalSection(SolutionProperties) = preSolution
		HideSolutionNode = FALSE
	EndGlobalSection
	GlobalSection(ExtensibilityGlobals) = postSolution
		SolutionGuid = {7A375B77-150A-4409-81FC-4C32700812D9}
	EndGlobalSection
EndGlobal
